# This file is autogenerated, do not edit; changes may be undone by the next 'dep ensure'.


[[projects]]
  branch = "master"
  name = "github.com/alecthomas/units"
  packages = ["."]
  revision = "2efee857e7cfd4f3d0138cc3cbb1b4966962b93a"

[[projects]]
  branch = "master"
  name = "github.com/bluele/gcache"
  packages = ["."]
  revision = "472614239ac7e5bc6461e237c798a6ebd5aff8c1"

[[projects]]
  name = "github.com/circonus-labs/circonus-gometrics"
  packages = [".","api","api/config","checkmgr"]
  revision = "6419ea0ac64c8403f9eaabc743dd341adaf68315"
  version = "v1.2.0"

[[projects]]
  branch = "master"
  name = "github.com/circonus-labs/circonusllhist"
  packages = ["."]
  revision = "6e85b9352cf0c2bb969831347491388bb3ae9c69"

[[projects]]
  name = "github.com/fsnotify/fsnotify"
  packages = ["."]
  revision = "629574ca2a5df945712d3079857300b5e4da0236"
  version = "v1.4.2"

[[projects]]
  name = "github.com/google/gops"
  packages = ["agent","internal","signal"]
  revision = "57e77c5c37da1f4e1af49f9d1fe760f146c1579e"
  version = "v0.3.2"

[[projects]]
  branch = "master"
  name = "github.com/hashicorp/go-cleanhttp"
  packages = ["."]
  revision = "3573b8b52aa7b37b9358d966a898feb387f62437"

[[projects]]
  branch = "master"
  name = "github.com/hashicorp/go-retryablehttp"
  packages = ["."]
  revision = "794af36148bf63c118d6db80eb902a136b907e71"

[[projects]]
  branch = "master"
  name = "github.com/hashicorp/hcl"
  packages = [".","hcl/ast","hcl/parser","hcl/scanner","hcl/strconv","hcl/token","json/parser","json/scanner","json/token"]
  revision = "42e33e2d55a0ff1d6263f738896ea8c13571a8d0"

[[projects]]
  name = "github.com/inconshreveable/mousetrap"
  packages = ["."]
  revision = "76626ae9c91c4f2a10f34cad8ce83ea42c93bb75"
  version = "v1.0"

[[projects]]
  branch = "master"
  name = "github.com/jackc/pgx"
  packages = [".","chunkreader","internal/sanitize","pgio","pgproto3","pgtype"]
  revision = "63f58fd32edb5684b9e9f4cfaac847c6b42b3917"

[[projects]]
  branch = "master"
  name = "github.com/kardianos/osext"
  packages = ["."]
  revision = "ae77be60afb1dcacde03767a8c37337fad28ac14"

[[projects]]
  branch = "master"
  name = "github.com/kylelemons/godebug"
  packages = ["diff","pretty"]
  revision = "d65d576e9348f5982d7f6d83682b694e731a45c6"

[[projects]]
  name = "github.com/magiconair/properties"
  packages = ["."]
  revision = "be5ece7dd465ab0765a9682137865547526d1dfb"
  version = "v1.7.3"

[[projects]]
  name = "github.com/mattn/go-isatty"
  packages = ["."]
  revision = "0360b2af4f38e8d38c7fce2a9f4e702702d73a39"
  version = "v0.0.3"

[[projects]]
  branch = "master"
  name = "github.com/mitchellh/mapstructure"
  packages = ["."]
  revision = "d0303fe809921458f417bcf828397a65db30a7e4"

[[projects]]
  name = "github.com/pelletier/go-toml"
  packages = ["."]
  revision = "16398bac157da96aa88f98a2df640c7f32af1da2"
  version = "v1.0.1"

[[projects]]
  name = "github.com/pkg/errors"
  packages = ["."]
  revision = "645ef00459ed84a119197bfb8d8205042c6df63d"
  version = "v0.8.0"

[[projects]]
  branch = "numeric-log-levels"
  name = "github.com/rs/zerolog"
  packages = [".","internal/json","log"]
  revision = "c1a368cd6d1340db64a416421ce1e14c3e5050d3"
  source = "github.com/sean-/zerolog"

[[projects]]
  branch = "master"
  name = "github.com/spf13/afero"
  packages = [".","mem"]
  revision = "e67d870304c4bca21331b02f414f970df13aa694"

[[projects]]
  name = "github.com/spf13/cast"
  packages = ["."]
  revision = "acbeb36b902d72a7a4c18e8f3241075e7ab763e4"
  version = "v1.1.0"

[[projects]]
  branch = "master"
  name = "github.com/spf13/cobra"
  packages = ["."]
  revision = "4d6af280c76ff7d266434f2dba207c4b75dfc076"

[[projects]]
  branch = "master"
  name = "github.com/spf13/jwalterweatherman"
  packages = ["."]
  revision = "12bd96e66386c1960ab0f74ced1362f66f552f7b"

[[projects]]
  name = "github.com/spf13/pflag"
  packages = ["."]
  revision = "e57e3eeb33f795204c1ca35f56c44f83227c6e66"
  version = "v1.0.0"

[[projects]]
  name = "github.com/spf13/viper"
  packages = ["."]
  revision = "25b30aa063fc18e48662b86996252eabdcf2f0c7"
  version = "v1.0.0"

[[projects]]
  branch = "master"
  name = "golang.org/x/sys"
  packages = ["unix"]
  revision = "ebfc5b4631820b793c9010c87fd8fef0f39eb082"

[[projects]]
  branch = "master"
  name = "golang.org/x/text"
  packages = ["internal/gen","internal/triegen","internal/ucd","transform","unicode/cldr","unicode/norm"]
  revision = "825fc78a2fd6fa0a5447e300189e3219e05e1f25"

[[projects]]
  branch = "v2"
  name = "gopkg.in/yaml.v2"
  packages = ["."]
  revision = "eb3733d160e74a9c7e442f435eb3bea458e1d19f"

[solve-meta]
  analyzer-name = "dep"
  analyzer-version = 1
  inputs-digest = "d78900353af739b7a2e4e2c076b01f17167d2ab2e7734c6d29fa393e1ab1f256"
  solver-name = "gps-cdcl"
  solver-version = 1
